
Microsoft Visual Studio Solution File, Format Version 12.00
# Visual Studio 15
VisualStudioVersion = 15.0.26730.12
MinimumVisualStudioVersion = 10.0.40219.1
Project("{FAE04EC0-301F-11D3-BF4B-00C04F79EFBC}") = "Calendar.Android", "Calendar\Calendar.Android\Calendar.Android.csproj", "{84F1CCB2-383A-4F5A-A6F0-7143D9C6DF93}"
EndProject
Project("{FAE04EC0-301F-11D3-BF4B-00C04F79EFBC}") = "Calendar", "Calendar\Calendar\Calendar.csproj", "{B7D1A8CE-EB6E-46BA-8F5A-7668635747FC}"
EndProject
Project("{FAE04EC0-301F-11D3-BF4B-00C04F79EFBC}") = "Calendar.UWP", "Calendar\Calendar.UWP\Calendar.UWP.csproj", "{5914AA7E-6B25-40B6-A377-E73C3928699F}"
EndProject
Project("{FAE04EC0-301F-11D3-BF4B-00C04F79EFBC}") = "Calendar.iOS", "Calendar\Calendar.iOS\Calendar.iOS.csproj", "{EA0080E0-3D63-455B-9F7F-7D11BF918BFB}"
EndProject
Global
	GlobalSection(SolutionConfigurationPlatforms) = preSolution
		Ad-Hoc|Any CPU = Ad-Hoc|Any CPU
		Ad-Hoc|ARM = Ad-Hoc|ARM
		Ad-Hoc|iPhone = Ad-Hoc|iPhone
		Ad-Hoc|iPhoneSimulator = Ad-Hoc|iPhoneSimulator
		Ad-Hoc|x64 = Ad-Hoc|x64
		Ad-Hoc|x86 = Ad-Hoc|x86
		AppStore|Any CPU = AppStore|Any CPU
		AppStore|ARM = AppStore|ARM
		AppStore|iPhone = AppStore|iPhone
		AppStore|iPhoneSimulator = AppStore|iPhoneSimulator
		AppStore|x64 = AppStore|x64
		AppStore|x86 = AppStore|x86
		Debug|Any CPU = Debug|Any CPU
		Debug|ARM = Debug|ARM
		Debug|iPhone = Debug|iPhone
		Debug|iPhoneSimulator = Debug|iPhoneSimulator
		Debug|x64 = Debug|x64
		Debug|x86 = Debug|x86
		Release|Any CPU = Release|Any CPU
		Release|ARM = Release|ARM
		Release|iPhone = Release|iPhone
		Release|iPhoneSimulator = Release|iPhoneSimulator
		Release|x64 = Release|x64
		Release|x86 = Release|x86
	EndGlobalSection
	GlobalSection(ProjectConfigurationPlatforms) = postSolution
		{84F1CCB2-383A-4F5A-A6F0-7143D9C6DF93}.Ad-Hoc|Any CPU.ActiveCfg = Release|Any CPU
		{84F1CCB2-383A-4F5A-A6F0-7143D9C6DF93}.Ad-Hoc|Any CPU.Build.0 = Release|Any CPU
		{84F1CCB2-383A-4F5A-A6F0-7143D9C6DF93}.Ad-Hoc|Any CPU.Deploy.0 = Release|Any CPU
		{84F1CCB2-383A-4F5A-A6F0-7143D9C6DF93}.Ad-Hoc|ARM.ActiveCfg = Release|Any CPU
		{84F1CCB2-383A-4F5A-A6F0-7143D9C6DF93}.Ad-Hoc|ARM.Build.0 = Release|Any CPU
		{84F1CCB2-383A-4F5A-A6F0-7143D9C6DF93}.Ad-Hoc|ARM.Deploy.0 = Release|Any CPU
		{84F1CCB2-383A-4F5A-A6F0-7143D9C6DF93}.Ad-Hoc|iPhone.ActiveCfg = Release|Any CPU
		{84F1CCB2-383A-4F5A-A6F0-7143D9C6DF93}.Ad-Hoc|iPhone.Build.0 = Release|Any CPU
		{84F1CCB2-383A-4F5A-A6F0-7143D9C6DF93}.Ad-Hoc|iPhone.Deploy.0 = Release|Any CPU
		{84F1CCB2-383A-4F5A-A6F0-7143D9C6DF93}.Ad-Hoc|iPhoneSimulator.ActiveCfg = Release|Any CPU
		{84F1CCB2-383A-4F5A-A6F0-7143D9C6DF93}.Ad-Hoc|iPhoneSimulator.Build.0 = Release|Any CPU
		{84F1CCB2-383A-4F5A-A6F0-7143D9C6DF93}.Ad-Hoc|iPhoneSimulator.Deploy.0 = Release|Any CPU
		{84F1CCB2-383A-4F5A-A6F0-7143D9C6DF93}.Ad-Hoc|x64.ActiveCfg = Release|Any CPU
		{84F1CCB2-383A-4F5A-A6F0-7143D9C6DF93}.Ad-Hoc|x64.Build.0 = Release|Any CPU
		{84F1CCB2-383A-4F5A-A6F0-7143D9C6DF93}.Ad-Hoc|x64.Deploy.0 = Release|Any CPU
		{84F1CCB2-383A-4F5A-A6F0-7143D9C6DF93}.Ad-Hoc|x86.ActiveCfg = Release|Any CPU
		{84F1CCB2-383A-4F5A-A6F0-7143D9C6DF93}.Ad-Hoc|x86.Build.0 = Release|Any CPU
		{84F1CCB2-383A-4F5A-A6F0-7143D9C6DF93}.Ad-Hoc|x86.Deploy.0 = Release|Any CPU
		{84F1CCB2-383A-4F5A-A6F0-7143D9C6DF93}.AppStore|Any CPU.ActiveCfg = Release|Any CPU
		{84F1CCB2-383A-4F5A-A6F0-7143D9C6DF93}.AppStore|Any CPU.Build.0 = Release|Any CPU
		{84F1CCB2-383A-4F5A-A6F0-7143D9C6DF93}.AppStore|Any CPU.Deploy.0 = Release|Any CPU
		{84F1CCB2-383A-4F5A-A6F0-7143D9C6DF93}.AppStore|ARM.ActiveCfg = Release|Any CPU
		{84F1CCB2-383A-4F5A-A6F0-7143D9C6DF93}.AppStore|ARM.Build.0 = Release|Any CPU
		{84F1CCB2-383A-4F5A-A6F0-7143D9C6DF93}.AppStore|ARM.Deploy.0 = Release|Any CPU
		{84F1CCB2-383A-4F5A-A6F0-7143D9C6DF93}.AppStore|iPhone.ActiveCfg = Release|Any CPU
		{84F1CCB2-383A-4F5A-A6F0-7143D9C6DF93}.AppStore|iPhone.Build.0 = Release|Any CPU
		{84F1CCB2-383A-4F5A-A6F0-7143D9C6DF93}.AppStore|iPhone.Deploy.0 = Release|Any CPU
		{84F1CCB2-383A-4F5A-A6F0-7143D9C6DF93}.AppStore|iPhoneSimulator.ActiveCfg = Release|Any CPU
		{84F1CCB2-383A-4F5A-A6F0-7143D9C6DF93}.AppStore|iPhoneSimulator.Build.0 = Release|Any CPU
		{84F1CCB2-383A-4F5A-A6F0-7143D9C6DF93}.AppStore|iPhoneSimulator.Deploy.0 = Release|Any CPU
		{84F1CCB2-383A-4F5A-A6F0-7143D9C6DF93}.AppStore|x64.ActiveCfg = Release|Any CPU
		{84F1CCB2-383A-4F5A-A6F0-7143D9C6DF93}.AppStore|x64.Build.0 = Release|Any CPU
		{84F1CCB2-383A-4F5A-A6F0-7143D9C6DF93}.AppStore|x64.Deploy.0 = Release|Any CPU
		{84F1CCB2-383A-4F5A-A6F0-7143D9C6DF93}.AppStore|x86.ActiveCfg = Release|Any CPU
		{84F1CCB2-383A-4F5A-A6F0-7143D9C6DF93}.AppStore|x86.Build.0 = Release|Any CPU
		{84F1CCB2-383A-4F5A-A6F0-7143D9C6DF93}.AppStore|x86.Deploy.0 = Release|Any CPU
		{84F1CCB2-383A-4F5A-A6F0-7143D9C6DF93}.Debug|Any CPU.ActiveCfg = Debug|Any CPU
		{84F1CCB2-383A-4F5A-A6F0-7143D9C6DF93}.Debug|Any CPU.Build.0 = Debug|Any CPU
		{84F1CCB2-383A-4F5A-A6F0-7143D9C6DF93}.Debug|Any CPU.Deploy.0 = Debug|Any CPU
		{84F1CCB2-383A-4F5A-A6F0-7143D9C6DF93}.Debug|ARM.ActiveCfg = Debug|Any CPU
		{84F1CCB2-383A-4F5A-A6F0-7143D9C6DF93}.Debug|ARM.Build.0 = Debug|Any CPU
		{84F1CCB2-383A-4F5A-A6F0-7143D9C6DF93}.Debug|ARM.Deploy.0 = Debug|Any CPU
		{84F1CCB2-383A-4F5A-A6F0-7143D9C6DF93}.Debug|iPhone.ActiveCfg = Debug|Any CPU
		{84F1CCB2-383A-4F5A-A6F0-7143D9C6DF93}.Debug|iPhone.Build.0 = Debug|Any CPU
		{84F1CCB2-383A-4F5A-A6F0-7143D9C6DF93}.Debug|iPhone.Deploy.0 = Debug|Any CPU
		{84F1CCB2-383A-4F5A-A6F0-7143D9C6DF93}.Debug|iPhoneSimulator.ActiveCfg = Debug|Any CPU
		{84F1CCB2-383A-4F5A-A6F0-7143D9C6DF93}.Debug|iPhoneSimulator.Build.0 = Debug|Any CPU
		{84F1CCB2-383A-4F5A-A6F0-7143D9C6DF93}.Debug|iPhoneSimulator.Deploy.0 = Debug|Any CPU
		{84F1CCB2-383A-4F5A-A6F0-7143D9C6DF93}.Debug|x64.ActiveCfg = Debug|Any CPU
		{84F1CCB2-383A-4F5A-A6F0-7143D9C6DF93}.Debug|x64.Build.0 = Debug|Any CPU
		{84F1CCB2-383A-4F5A-A6F0-7143D9C6DF93}.Debug|x64.Deploy.0 = Debug|Any CPU
		{84F1CCB2-383A-4F5A-A6F0-7143D9C6DF93}.Debug|x86.ActiveCfg = Debug|Any CPU
		{84F1CCB2-383A-4F5A-A6F0-7143D9C6DF93}.Debug|x86.Build.0 = Debug|Any CPU
		{84F1CCB2-383A-4F5A-A6F0-7143D9C6DF93}.Debug|x86.Deploy.0 = Debug|Any CPU
		{84F1CCB2-383A-4F5A-A6F0-7143D9C6DF93}.Release|Any CPU.ActiveCfg = Release|Any CPU
		{84F1CCB2-383A-4F5A-A6F0-7143D9C6DF93}.Release|Any CPU.Build.0 = Release|Any CPU
		{84F1CCB2-383A-4F5A-A6F0-7143D9C6DF93}.Release|Any CPU.Deploy.0 = Release|Any CPU
		{84F1CCB2-383A-4F5A-A6F0-7143D9C6DF93}.Release|ARM.ActiveCfg = Release|Any CPU
		{84F1CCB2-383A-4F5A-A6F0-7143D9C6DF93}.Release|ARM.Build.0 = Release|Any CPU
		{84F1CCB2-383A-4F5A-A6F0-7143D9C6DF93}.Release|ARM.Deploy.0 = Release|Any CPU
		{84F1CCB2-383A-4F5A-A6F0-7143D9C6DF93}.Release|iPhone.ActiveCfg = Release|Any CPU
		{84F1CCB2-383A-4F5A-A6F0-7143D9C6DF93}.Release|iPhone.Build.0 = Release|Any CPU
		{84F1CCB2-383A-4F5A-A6F0-7143D9C6DF93}.Release|iPhone.Deploy.0 = Release|Any CPU
		{84F1CCB2-383A-4F5A-A6F0-7143D9C6DF93}.Release|iPhoneSimulator.ActiveCfg = Release|Any CPU
		{84F1CCB2-383A-4F5A-A6F0-7143D9C6DF93}.Release|iPhoneSimulator.Build.0 = Release|Any CPU
		{84F1CCB2-383A-4F5A-A6F0-7143D9C6DF93}.Release|iPhoneSimulator.Deploy.0 = Release|Any CPU
		{84F1CCB2-383A-4F5A-A6F0-7143D9C6DF93}.Release|x64.ActiveCfg = Release|Any CPU
		{84F1CCB2-383A-4F5A-A6F0-7143D9C6DF93}.Release|x64.Build.0 = Release|Any CPU
		{84F1CCB2-383A-4F5A-A6F0-7143D9C6DF93}.Release|x64.Deploy.0 = Release|Any CPU
		{84F1CCB2-383A-4F5A-A6F0-7143D9C6DF93}.Release|x86.ActiveCfg = Release|Any CPU
		{84F1CCB2-383A-4F5A-A6F0-7143D9C6DF93}.Release|x86.Build.0 = Release|Any CPU
		{84F1CCB2-383A-4F5A-A6F0-7143D9C6DF93}.Release|x86.Deploy.0 = Release|Any CPU
		{B7D1A8CE-EB6E-46BA-8F5A-7668635747FC}.Ad-Hoc|Any CPU.ActiveCfg = Release|Any CPU
		{B7D1A8CE-EB6E-46BA-8F5A-7668635747FC}.Ad-Hoc|Any CPU.Build.0 = Release|Any CPU
		{B7D1A8CE-EB6E-46BA-8F5A-7668635747FC}.Ad-Hoc|ARM.ActiveCfg = Release|Any CPU
		{B7D1A8CE-EB6E-46BA-8F5A-7668635747FC}.Ad-Hoc|ARM.Build.0 = Release|Any CPU
		{B7D1A8CE-EB6E-46BA-8F5A-7668635747FC}.Ad-Hoc|iPhone.ActiveCfg = Release|Any CPU
		{B7D1A8CE-EB6E-46BA-8F5A-7668635747FC}.Ad-Hoc|iPhone.Build.0 = Release|Any CPU
		{B7D1A8CE-EB6E-46BA-8F5A-7668635747FC}.Ad-Hoc|iPhoneSimulator.ActiveCfg = Release|Any CPU
		{B7D1A8CE-EB6E-46BA-8F5A-7668635747FC}.Ad-Hoc|iPhoneSimulator.Build.0 = Release|Any CPU
		{B7D1A8CE-EB6E-46BA-8F5A-7668635747FC}.Ad-Hoc|x64.ActiveCfg = Release|Any CPU
		{B7D1A8CE-EB6E-46BA-8F5A-7668635747FC}.Ad-Hoc|x64.Build.0 = Release|Any CPU
		{B7D1A8CE-EB6E-46BA-8F5A-7668635747FC}.Ad-Hoc|x86.ActiveCfg = Release|Any CPU
		{B7D1A8CE-EB6E-46BA-8F5A-7668635747FC}.Ad-Hoc|x86.Build.0 = Release|Any CPU
		{B7D1A8CE-EB6E-46BA-8F5A-7668635747FC}.AppStore|Any CPU.ActiveCfg = Release|Any CPU
		{B7D1A8CE-EB6E-46BA-8F5A-7668635747FC}.AppStore|Any CPU.Build.0 = Release|Any CPU
		{B7D1A8CE-EB6E-46BA-8F5A-7668635747FC}.AppStore|ARM.ActiveCfg = Release|Any CPU
		{B7D1A8CE-EB6E-46BA-8F5A-7668635747FC}.AppStore|ARM.Build.0 = Release|Any CPU
		{B7D1A8CE-EB6E-46BA-8F5A-7668635747FC}.AppStore|iPhone.ActiveCfg = Release|Any CPU
		{B7D1A8CE-EB6E-46BA-8F5A-7668635747FC}.AppStore|iPhone.Build.0 = Release|Any CPU
		{B7D1A8CE-EB6E-46BA-8F5A-7668635747FC}.AppStore|iPhoneSimulator.ActiveCfg = Release|Any CPU
		{B7D1A8CE-EB6E-46BA-8F5A-7668635747FC}.AppStore|iPhoneSimulator.Build.0 = Release|Any CPU
		{B7D1A8CE-EB6E-46BA-8F5A-7668635747FC}.AppStore|x64.ActiveCfg = Release|Any CPU
		{B7D1A8CE-EB6E-46BA-8F5A-7668635747FC}.AppStore|x64.Build.0 = Release|Any CPU
		{B7D1A8CE-EB6E-46BA-8F5A-7668635747FC}.AppStore|x86.ActiveCfg = Release|Any CPU
		{B7D1A8CE-EB6E-46BA-8F5A-7668635747FC}.AppStore|x86.Build.0 = Release|Any CPU
		{B7D1A8CE-EB6E-46BA-8F5A-7668635747FC}.Debug|Any CPU.ActiveCfg = Debug|Any CPU
		{B7D1A8CE-EB6E-46BA-8F5A-7668635747FC}.Debug|Any CPU.Build.0 = Debug|Any CPU
		{B7D1A8CE-EB6E-46BA-8F5A-7668635747FC}.Debug|ARM.ActiveCfg = Debug|Any CPU
		{B7D1A8CE-EB6E-46BA-8F5A-7668635747FC}.Debug|ARM.Build.0 = Debug|Any CPU
		{B7D1A8CE-EB6E-46BA-8F5A-7668635747FC}.Debug|iPhone.ActiveCfg = Debug|Any CPU
		{B7D1A8CE-EB6E-46BA-8F5A-7668635747FC}.Debug|iPhone.Build.0 = Debug|Any CPU
		{B7D1A8CE-EB6E-46BA-8F5A-7668635747FC}.Debug|iPhoneSimulator.ActiveCfg = Debug|Any CPU
		{B7D1A8CE-EB6E-46BA-8F5A-7668635747FC}.Debug|iPhoneSimulator.Build.0 = Debug|Any CPU
		{B7D1A8CE-EB6E-46BA-8F5A-7668635747FC}.Debug|x64.ActiveCfg = Debug|Any CPU
		{B7D1A8CE-EB6E-46BA-8F5A-7668635747FC}.Debug|x64.Build.0 = Debug|Any CPU
		{B7D1A8CE-EB6E-46BA-8F5A-7668635747FC}.Debug|x86.ActiveCfg = Debug|Any CPU
		{B7D1A8CE-EB6E-46BA-8F5A-7668635747FC}.Debug|x86.Build.0 = Debug|Any CPU
		{B7D1A8CE-EB6E-46BA-8F5A-7668635747FC}.Release|Any CPU.ActiveCfg = Release|Any CPU
		{B7D1A8CE-EB6E-46BA-8F5A-7668635747FC}.Release|Any CPU.Build.0 = Release|Any CPU
		{B7D1A8CE-EB6E-46BA-8F5A-7668635747FC}.Release|ARM.ActiveCfg = Release|Any CPU
		{B7D1A8CE-EB6E-46BA-8F5A-7668635747FC}.Release|ARM.Build.0 = Release|Any CPU
		{B7D1A8CE-EB6E-46BA-8F5A-7668635747FC}.Release|iPhone.ActiveCfg = Release|Any CPU
		{B7D1A8CE-EB6E-46BA-8F5A-7668635747FC}.Release|iPhone.Build.0 = Release|Any CPU
		{B7D1A8CE-EB6E-46BA-8F5A-7668635747FC}.Release|iPhoneSimulator.ActiveCfg = Release|Any CPU
		{B7D1A8CE-EB6E-46BA-8F5A-7668635747FC}.Release|iPhoneSimulator.Build.0 = Release|Any CPU
		{B7D1A8CE-EB6E-46BA-8F5A-7668635747FC}.Release|x64.ActiveCfg = Release|Any CPU
		{B7D1A8CE-EB6E-46BA-8F5A-7668635747FC}.Release|x64.Build.0 = Release|Any CPU
		{B7D1A8CE-EB6E-46BA-8F5A-7668635747FC}.Release|x86.ActiveCfg = Release|Any CPU
		{B7D1A8CE-EB6E-46BA-8F5A-7668635747FC}.Release|x86.Build.0 = Release|Any CPU
		{5914AA7E-6B25-40B6-A377-E73C3928699F}.Ad-Hoc|Any CPU.ActiveCfg = Release|x86
		{5914AA7E-6B25-40B6-A377-E73C3928699F}.Ad-Hoc|Any CPU.Build.0 = Release|x86
		{5914AA7E-6B25-40B6-A377-E73C3928699F}.Ad-Hoc|Any CPU.Deploy.0 = Release|x86
		{5914AA7E-6B25-40B6-A377-E73C3928699F}.Ad-Hoc|ARM.ActiveCfg = Release|ARM
		{5914AA7E-6B25-40B6-A377-E73C3928699F}.Ad-Hoc|ARM.Build.0 = Release|ARM
		{5914AA7E-6B25-40B6-A377-E73C3928699F}.Ad-Hoc|ARM.Deploy.0 = Release|ARM
		{5914AA7E-6B25-40B6-A377-E73C3928699F}.Ad-Hoc|iPhone.ActiveCfg = Release|x86
		{5914AA7E-6B25-40B6-A377-E73C3928699F}.Ad-Hoc|iPhone.Build.0 = Release|x86
		{5914AA7E-6B25-40B6-A377-E73C3928699F}.Ad-Hoc|iPhone.Deploy.0 = Release|x86
		{5914AA7E-6B25-40B6-A377-E73C3928699F}.Ad-Hoc|iPhoneSimulator.ActiveCfg = Release|x86
		{5914AA7E-6B25-40B6-A377-E73C3928699F}.Ad-Hoc|iPhoneSimulator.Build.0 = Release|x86
		{5914AA7E-6B25-40B6-A377-E73C3928699F}.Ad-Hoc|iPhoneSimulator.Deploy.0 = Release|x86
		{5914AA7E-6B25-40B6-A377-E73C3928699F}.Ad-Hoc|x64.ActiveCfg = Release|x64
		{5914AA7E-6B25-40B6-A377-E73C3928699F}.Ad-Hoc|x64.Build.0 = Release|x64
		{5914AA7E-6B25-40B6-A377-E73C3928699F}.Ad-Hoc|x64.Deploy.0 = Release|x64
		{5914AA7E-6B25-40B6-A377-E73C3928699F}.Ad-Hoc|x86.ActiveCfg = Release|x86
		{5914AA7E-6B25-40B6-A377-E73C3928699F}.Ad-Hoc|x86.Build.0 = Release|x86
		{5914AA7E-6B25-40B6-A377-E73C3928699F}.Ad-Hoc|x86.Deploy.0 = Release|x86
		{5914AA7E-6B25-40B6-A377-E73C3928699F}.AppStore|Any CPU.ActiveCfg = Release|x86
		{5914AA7E-6B25-40B6-A377-E73C3928699F}.AppStore|Any CPU.Build.0 = Release|x86
		{5914AA7E-6B25-40B6-A377-E73C3928699F}.AppStore|Any CPU.Deploy.0 = Release|x86
		{5914AA7E-6B25-40B6-A377-E73C3928699F}.AppStore|ARM.ActiveCfg = Release|ARM
		{5914AA7E-6B25-40B6-A377-E73C3928699F}.AppStore|ARM.Build.0 = Release|ARM
		{5914AA7E-6B25-40B6-A377-E73C3928699F}.AppStore|ARM.Deploy.0 = Release|ARM
		{5914AA7E-6B25-40B6-A377-E73C3928699F}.AppStore|iPhone.ActiveCfg = Release|x86
		{5914AA7E-6B25-40B6-A377-E73C3928699F}.AppStore|iPhone.Build.0 = Release|x86
		{5914AA7E-6B25-40B6-A377-E73C3928699F}.AppStore|iPhone.Deploy.0 = Release|x86
		{5914AA7E-6B25-40B6-A377-E73C3928699F}.AppStore|iPhoneSimulator.ActiveCfg = Release|x86
		{5914AA7E-6B25-40B6-A377-E73C3928699F}.AppStore|iPhoneSimulator.Build.0 = Release|x86
		{5914AA7E-6B25-40B6-A377-E73C3928699F}.AppStore|iPhoneSimulator.Deploy.0 = Release|x86
		{5914AA7E-6B25-40B6-A377-E73C3928699F}.AppStore|x64.ActiveCfg = Release|x64
		{5914AA7E-6B25-40B6-A377-E73C3928699F}.AppStore|x64.Build.0 = Release|x64
		{5914AA7E-6B25-40B6-A377-E73C3928699F}.AppStore|x64.Deploy.0 = Release|x64
		{5914AA7E-6B25-40B6-A377-E73C3928699F}.AppStore|x86.ActiveCfg = Release|x86
		{5914AA7E-6B25-40B6-A377-E73C3928699F}.AppStore|x86.Build.0 = Release|x86
		{5914AA7E-6B25-40B6-A377-E73C3928699F}.AppStore|x86.Deploy.0 = Release|x86
		{5914AA7E-6B25-40B6-A377-E73C3928699F}.Debug|Any CPU.ActiveCfg = Debug|x86
		{5914AA7E-6B25-40B6-A377-E73C3928699F}.Debug|ARM.ActiveCfg = Debug|ARM
		{5914AA7E-6B25-40B6-A377-E73C3928699F}.Debug|ARM.Build.0 = Debug|ARM
		{5914AA7E-6B25-40B6-A377-E73C3928699F}.Debug|ARM.Deploy.0 = Debug|ARM
		{5914AA7E-6B25-40B6-A377-E73C3928699F}.Debug|iPhone.ActiveCfg = Debug|x86
		{5914AA7E-6B25-40B6-A377-E73C3928699F}.Debug|iPhoneSimulator.ActiveCfg = Debug|x86
		{5914AA7E-6B25-40B6-A377-E73C3928699F}.Debug|x64.ActiveCfg = Debug|x64
		{5914AA7E-6B25-40B6-A377-E73C3928699F}.Debug|x64.Build.0 = Debug|x64
		{5914AA7E-6B25-40B6-A377-E73C3928699F}.Debug|x64.Deploy.0 = Debug|x64
		{5914AA7E-6B25-40B6-A377-E73C3928699F}.Debug|x86.ActiveCfg = Debug|x86
		{5914AA7E-6B25-40B6-A377-E73C3928699F}.Debug|x86.Build.0 = Debug|x86
		{5914AA7E-6B25-40B6-A377-E73C3928699F}.Debug|x86.Deploy.0 = Debug|x86
		{5914AA7E-6B25-40B6-A377-E73C3928699F}.Release|Any CPU.ActiveCfg = Release|x86
		{5914AA7E-6B25-40B6-A377-E73C3928699F}.Release|ARM.ActiveCfg = Release|ARM
		{5914AA7E-6B25-40B6-A377-E73C3928699F}.Release|ARM.Build.0 = Release|ARM
		{5914AA7E-6B25-40B6-A377-E73C3928699F}.Release|ARM.Deploy.0 = Release|ARM
		{5914AA7E-6B25-40B6-A377-E73C3928699F}.Release|iPhone.ActiveCfg = Release|x86
		{5914AA7E-6B25-40B6-A377-E73C3928699F}.Release|iPhoneSimulator.ActiveCfg = Release|x86
		{5914AA7E-6B25-40B6-A377-E73C3928699F}.Release|x64.ActiveCfg = Release|x64
		{5914AA7E-6B25-40B6-A377-E73C3928699F}.Release|x64.Build.0 = Release|x64
		{5914AA7E-6B25-40B6-A377-E73C3928699F}.Release|x64.Deploy.0 = Release|x64
		{5914AA7E-6B25-40B6-A377-E73C3928699F}.Release|x86.ActiveCfg = Release|x86
		{5914AA7E-6B25-40B6-A377-E73C3928699F}.Release|x86.Build.0 = Release|x86
		{5914AA7E-6B25-40B6-A377-E73C3928699F}.Release|x86.Deploy.0 = Release|x86
		{EA0080E0-3D63-455B-9F7F-7D11BF918BFB}.Ad-Hoc|Any CPU.ActiveCfg = Ad-Hoc|iPhone
		{EA0080E0-3D63-455B-9F7F-7D11BF918BFB}.Ad-Hoc|ARM.ActiveCfg = Ad-Hoc|iPhone
		{EA0080E0-3D63-455B-9F7F-7D11BF918BFB}.Ad-Hoc|iPhone.ActiveCfg = Ad-Hoc|iPhone
		{EA0080E0-3D63-455B-9F7F-7D11BF918BFB}.Ad-Hoc|iPhone.Build.0 = Ad-Hoc|iPhone
		{EA0080E0-3D63-455B-9F7F-7D11BF918BFB}.Ad-Hoc|iPhoneSimulator.ActiveCfg = Ad-Hoc|iPhoneSimulator
		{EA0080E0-3D63-455B-9F7F-7D11BF918BFB}.Ad-Hoc|iPhoneSimulator.Build.0 = Ad-Hoc|iPhoneSimulator
		{EA0080E0-3D63-455B-9F7F-7D11BF918BFB}.Ad-Hoc|x64.ActiveCfg = Ad-Hoc|iPhone
		{EA0080E0-3D63-455B-9F7F-7D11BF918BFB}.Ad-Hoc|x86.ActiveCfg = Ad-Hoc|iPhone
		{EA0080E0-3D63-455B-9F7F-7D11BF918BFB}.AppStore|Any CPU.ActiveCfg = AppStore|iPhone
		{EA0080E0-3D63-455B-9F7F-7D11BF918BFB}.AppStore|ARM.ActiveCfg = AppStore|iPhone
		{EA0080E0-3D63-455B-9F7F-7D11BF918BFB}.AppStore|iPhone.ActiveCfg = AppStore|iPhone
		{EA0080E0-3D63-455B-9F7F-7D11BF918BFB}.AppStore|iPhone.Build.0 = AppStore|iPhone
		{EA0080E0-3D63-455B-9F7F-7D11BF918BFB}.AppStore|iPhoneSimulator.ActiveCfg = AppStore|iPhoneSimulator
		{EA0080E0-3D63-455B-9F7F-7D11BF918BFB}.AppStore|iPhoneSimulator.Build.0 = AppStore|iPhoneSimulator
		{EA0080E0-3D63-455B-9F7F-7D11BF918BFB}.AppStore|x64.ActiveCfg = AppStore|iPhone
		{EA0080E0-3D63-455B-9F7F-7D11BF918BFB}.AppStore|x86.ActiveCfg = AppStore|iPhone
		{EA0080E0-3D63-455B-9F7F-7D11BF918BFB}.Debug|Any CPU.ActiveCfg = Debug|iPhone
		{EA0080E0-3D63-455B-9F7F-7D11BF918BFB}.Debug|ARM.ActiveCfg = Debug|iPhone
		{EA0080E0-3D63-455B-9F7F-7D11BF918BFB}.Debug|iPhone.ActiveCfg = Debug|iPhone
		{EA0080E0-3D63-455B-9F7F-7D11BF918BFB}.Debug|iPhone.Build.0 = Debug|iPhone
		{EA0080E0-3D63-455B-9F7F-7D11BF918BFB}.Debug|iPhoneSimulator.ActiveCfg = Debug|iPhoneSimulator
		{EA0080E0-3D63-455B-9F7F-7D11BF918BFB}.Debug|iPhoneSimulator.Build.0 = Debug|iPhoneSimulator
		{EA0080E0-3D63-455B-9F7F-7D11BF918BFB}.Debug|x64.ActiveCfg = Debug|iPhone
		{EA0080E0-3D63-455B-9F7F-7D11BF918BFB}.Debug|x86.ActiveCfg = Debug|iPhone
		{EA0080E0-3D63-455B-9F7F-7D11BF918BFB}.Release|Any CPU.ActiveCfg = Release|iPhone
		{EA0080E0-3D63-455B-9F7F-7D11BF918BFB}.Release|ARM.ActiveCfg = Release|iPhone
		{EA0080E0-3D63-455B-9F7F-7D11BF918BFB}.Release|iPhone.ActiveCfg = Release|iPhone
		{EA0080E0-3D63-455B-9F7F-7D11BF918BFB}.Release|iPhone.Build.0 = Release|iPhone
		{EA0080E0-3D63-455B-9F7F-7D11BF918BFB}.Release|iPhoneSimulator.ActiveCfg = Release|iPhoneSimulator
		{EA0080E0-3D63-455B-9F7F-7D11BF918BFB}.Release|iPhoneSimulator.Build.0 = Release|iPhoneSimulator
		{EA0080E0-3D63-455B-9F7F-7D11BF918BFB}.Release|x64.ActiveCfg = Release|iPhone
		{EA0080E0-3D63-455B-9F7F-7D11BF918BFB}.Release|x86.ActiveCfg = Release|iPhone
	EndGlobalSection
	GlobalSection(SolutionProperties) = preSolution
		HideSolutionNode = FALSE
	EndGlobalSection
	GlobalSection(ExtensibilityGlobals) = postSolution
		SolutionGuid = {A0DFBFF8-2EE8-4BDE-AC4E-1A5FF2E63898}
	EndGlobalSection
EndGlobal
